
Microsoft Visual Studio Solution File, Format Version 12.00
# Visual Studio Version 17
VisualStudioVersion = 17.4.33213.308
MinimumVisualStudioVersion = 10.0.40219.1
Project("{FAE04EC0-301F-11D3-BF4B-00C04F79EFBC}") = "md5Encrypt", "md5Encrypt\md5Encrypt.csproj", "{88D1DB6F-1236-4299-95A0-C124BFDB63CC}"
EndProject
Global
	GlobalSection(SolutionConfigurationPlatforms) = preSolution
		Debug|Any CPU = Debug|Any CPU
		Release|Any CPU = Release|Any CPU
	EndGlobalSection
	GlobalSection(ProjectConfigurationPlatforms) = postSolution
		{88D1DB6F-1236-4299-95A0-C124BFDB63CC}.Debug|Any CPU.ActiveCfg = Debug|Any CPU
		{88D1DB6F-1236-4299-95A0-C124BFDB63CC}.Debug|Any CPU.Build.0 = Debug|Any CPU
		{88D1DB6F-1236-4299-95A0-C124BFDB63CC}.Release|Any CPU.ActiveCfg = Release|Any CPU
		{88D1DB6F-1236-4299-95A0-C124BFDB63CC}.Release|Any CPU.Build.0 = Release|Any CPU
	EndGlobalSection
	GlobalSection(SolutionProperties) = preSolution
		HideSolutionNode = FALSE
	EndGlobalSection
	GlobalSection(ExtensibilityGlobals) = postSolution
		SolutionGuid = {FA8394E1-1CCA-4DA2-90AE-7AF5EDC8903E}
	EndGlobalSection
EndGlobal
